// !$*UTF8*$!
{
	archiveVersion = 1;
	classes = {
	};
	objectVersion = 46;
	objects = {

/* Begin PBXBuildFile section */
		187366F11B27379E006B539B /* Monster.swift in Sources */ = {isa = PBXBuildFile; fileRef = 187366EE1B27379E006B539B /* Monster.swift */; };
		187366F21B27379E006B539B /* MonsterFactory.swift in Sources */ = {isa = PBXBuildFile; fileRef = 187366EF1B27379E006B539B /* MonsterFactory.swift */; };
		187366F31B27379E006B539B /* TimePeriodsEnum.swift in Sources */ = {isa = PBXBuildFile; fileRef = 187366F01B27379E006B539B /* TimePeriodsEnum.swift */; };
		4F2C19951B272FBC00F95BB7 /* main.m in Sources */ = {isa = PBXBuildFile; fileRef = 4F2C19941B272FBC00F95BB7 /* main.m */; };
		4F2C19981B272FBC00F95BB7 /* AppDelegate.m in Sources */ = {isa = PBXBuildFile; fileRef = 4F2C19971B272FBC00F95BB7 /* AppDelegate.m */; };
		4F2C199B1B272FBC00F95BB7 /* GameScene.m in Sources */ = {isa = PBXBuildFile; fileRef = 4F2C199A1B272FBC00F95BB7 /* GameScene.m */; };
		4F2C199D1B272FBC00F95BB7 /* GameScene.sks in Resources */ = {isa = PBXBuildFile; fileRef = 4F2C199C1B272FBC00F95BB7 /* GameScene.sks */; };
		4F2C19A01B272FBC00F95BB7 /* GameViewController.m in Sources */ = {isa = PBXBuildFile; fileRef = 4F2C199F1B272FBC00F95BB7 /* GameViewController.m */; };
		4F2C19A31B272FBC00F95BB7 /* Main.storyboard in Resources */ = {isa = PBXBuildFile; fileRef = 4F2C19A11B272FBC00F95BB7 /* Main.storyboard */; };
		4F2C19A51B272FBC00F95BB7 /* Images.xcassets in Resources */ = {isa = PBXBuildFile; fileRef = 4F2C19A41B272FBC00F95BB7 /* Images.xcassets */; };
		4F2C19A81B272FBC00F95BB7 /* LaunchScreen.xib in Resources */ = {isa = PBXBuildFile; fileRef = 4F2C19A61B272FBC00F95BB7 /* LaunchScreen.xib */; };
		4F2C19B41B272FBC00F95BB7 /* AsAventurasDeMMMTests.m in Sources */ = {isa = PBXBuildFile; fileRef = 4F2C19B31B272FBC00F95BB7 /* AsAventurasDeMMMTests.m */; };
/* End PBXBuildFile section */

/* Begin PBXContainerItemProxy section */
		4F2C19AE1B272FBC00F95BB7 /* PBXContainerItemProxy */ = {
			isa = PBXContainerItemProxy;
			containerPortal = 4F2C19871B272FBC00F95BB7 /* Project object */;
			proxyType = 1;
			remoteGlobalIDString = 4F2C198E1B272FBC00F95BB7;
			remoteInfo = AsAventurasDeMMM;
		};
/* End PBXContainerItemProxy section */

/* Begin PBXFileReference section */
		187366EE1B27379E006B539B /* Monster.swift */ = {isa = PBXFileReference; fileEncoding = 4; lastKnownFileType = sourcecode.swift; path = Monster.swift; sourceTree = "<group>"; };
		187366EF1B27379E006B539B /* MonsterFactory.swift */ = {isa = PBXFileReference; fileEncoding = 4; lastKnownFileType = sourcecode.swift; path = MonsterFactory.swift; sourceTree = "<group>"; };
		187366F01B27379E006B539B /* TimePeriodsEnum.swift */ = {isa = PBXFileReference; fileEncoding = 4; lastKnownFileType = sourcecode.swift; path = TimePeriodsEnum.swift; sourceTree = "<group>"; };
		4F2C198F1B272FBC00F95BB7 /* AsAventurasDeMMM.app */ = {isa = PBXFileReference; explicitFileType = wrapper.application; includeInIndex = 0; path = AsAventurasDeMMM.app; sourceTree = BUILT_PRODUCTS_DIR; };
		4F2C19931B272FBC00F95BB7 /* Info.plist */ = {isa = PBXFileReference; lastKnownFileType = text.plist.xml; path = Info.plist; sourceTree = "<group>"; };
		4F2C19941B272FBC00F95BB7 /* main.m */ = {isa = PBXFileReference; lastKnownFileType = sourcecode.c.objc; path = main.m; sourceTree = "<group>"; };
		4F2C19961B272FBC00F95BB7 /* AppDelegate.h */ = {isa = PBXFileReference; lastKnownFileType = sourcecode.c.h; path = AppDelegate.h; sourceTree = "<group>"; };
		4F2C19971B272FBC00F95BB7 /* AppDelegate.m */ = {isa = PBXFileReference; lastKnownFileType = sourcecode.c.objc; path = AppDelegate.m; sourceTree = "<group>"; };
		4F2C19991B272FBC00F95BB7 /* GameScene.h */ = {isa = PBXFileReference; lastKnownFileType = sourcecode.c.h; path = GameScene.h; sourceTree = "<group>"; };
		4F2C199A1B272FBC00F95BB7 /* GameScene.m */ = {isa = PBXFileReference; lastKnownFileType = sourcecode.c.objc; path = GameScene.m; sourceTree = "<group>"; };
		4F2C199C1B272FBC00F95BB7 /* GameScene.sks */ = {isa = PBXFileReference; lastKnownFileType = file.sks; path = GameScene.sks; sourceTree = "<group>"; };
		4F2C199E1B272FBC00F95BB7 /* GameViewController.h */ = {isa = PBXFileReference; lastKnownFileType = sourcecode.c.h; path = GameViewController.h; sourceTree = "<group>"; };
		4F2C199F1B272FBC00F95BB7 /* GameViewController.m */ = {isa = PBXFileReference; lastKnownFileType = sourcecode.c.objc; path = GameViewController.m; sourceTree = "<group>"; };
		4F2C19A21B272FBC00F95BB7 /* Base */ = {isa = PBXFileReference; lastKnownFileType = file.storyboard; name = Base; path = Base.lproj/Main.storyboard; sourceTree = "<group>"; };
		4F2C19A41B272FBC00F95BB7 /* Images.xcassets */ = {isa = PBXFileReference; lastKnownFileType = folder.assetcatalog; path = Images.xcassets; sourceTree = "<group>"; };
		4F2C19A71B272FBC00F95BB7 /* Base */ = {isa = PBXFileReference; lastKnownFileType = file.xib; name = Base; path = Base.lproj/LaunchScreen.xib; sourceTree = "<group>"; };
		4F2C19AD1B272FBC00F95BB7 /* AsAventurasDeMMMTests.xctest */ = {isa = PBXFileReference; explicitFileType = wrapper.cfbundle; includeInIndex = 0; path = AsAventurasDeMMMTests.xctest; sourceTree = BUILT_PRODUCTS_DIR; };
		4F2C19B21B272FBC00F95BB7 /* Info.plist */ = {isa = PBXFileReference; lastKnownFileType = text.plist.xml; path = Info.plist; sourceTree = "<group>"; };
		4F2C19B31B272FBC00F95BB7 /* AsAventurasDeMMMTests.m */ = {isa = PBXFileReference; lastKnownFileType = sourcecode.c.objc; path = AsAventurasDeMMMTests.m; sourceTree = "<group>"; };
/* End PBXFileReference section */

/* Begin PBXFrameworksBuildPhase section */
		4F2C198C1B272FBC00F95BB7 /* Frameworks */ = {
			isa = PBXFrameworksBuildPhase;
			buildActionMask = 2147483647;
			files = (
			);
			runOnlyForDeploymentPostprocessing = 0;
		};
		4F2C19AA1B272FBC00F95BB7 /* Frameworks */ = {
			isa = PBXFrameworksBuildPhase;
			buildActionMask = 2147483647;
			files = (
			);
			runOnlyForDeploymentPostprocessing = 0;
		};
/* End PBXFrameworksBuildPhase section */

/* Begin PBXGroup section */
		187366ED1B27372D006B539B /* Amitay_Classes */ = {
			isa = PBXGroup;
			children = (
				187366EE1B27379E006B539B /* Monster.swift */,
				187366EF1B27379E006B539B /* MonsterFactory.swift */,
				187366F01B27379E006B539B /* TimePeriodsEnum.swift */,
			);
			name = Amitay_Classes;
			sourceTree = "<group>";
		};
		4F2C19861B272FBC00F95BB7 = {
			isa = PBXGroup;
			children = (
				4F2C19911B272FBC00F95BB7 /* AsAventurasDeMMM */,
				4F2C19B01B272FBC00F95BB7 /* AsAventurasDeMMMTests */,
				4F2C19901B272FBC00F95BB7 /* Products */,
			);
			sourceTree = "<group>";
		};
		4F2C19901B272FBC00F95BB7 /* Products */ = {
			isa = PBXGroup;
			children = (
				4F2C198F1B272FBC00F95BB7 /* AsAventurasDeMMM.app */,
				4F2C19AD1B272FBC00F95BB7 /* AsAventurasDeMMMTests.xctest */,
			);
			name = Products;
			sourceTree = "<group>";
		};
		4F2C19911B272FBC00F95BB7 /* AsAventurasDeMMM */ = {
			isa = PBXGroup;
			children = (
				187366ED1B27372D006B539B /* Amitay_Classes */,
				4F2C19961B272FBC00F95BB7 /* AppDelegate.h */,
				4F2C19971B272FBC00F95BB7 /* AppDelegate.m */,
				4F2C19991B272FBC00F95BB7 /* GameScene.h */,
				4F2C199A1B272FBC00F95BB7 /* GameScene.m */,
				4F2C199C1B272FBC00F95BB7 /* GameScene.sks */,
				4F2C199E1B272FBC00F95BB7 /* GameViewController.h */,
				4F2C199F1B272FBC00F95BB7 /* GameViewController.m */,
				4F2C19A11B272FBC00F95BB7 /* Main.storyboard */,
				4F2C19A41B272FBC00F95BB7 /* Images.xcassets */,
				4F2C19A61B272FBC00F95BB7 /* LaunchScreen.xib */,
				4F2C19921B272FBC00F95BB7 /* Supporting Files */,
			);
			path = AsAventurasDeMMM;
			sourceTree = "<group>";
		};
		4F2C19921B272FBC00F95BB7 /* Supporting Files */ = {
			isa = PBXGroup;
			children = (
				4F2C19931B272FBC00F95BB7 /* Info.plist */,
				4F2C19941B272FBC00F95BB7 /* main.m */,
			);
			name = "Supporting Files";
			sourceTree = "<group>";
		};
		4F2C19B01B272FBC00F95BB7 /* AsAventurasDeMMMTests */ = {
			isa = PBXGroup;
			children = (
				4F2C19B31B272FBC00F95BB7 /* AsAventurasDeMMMTests.m */,
				4F2C19B11B272FBC00F95BB7 /* Supporting Files */,
			);
			path = AsAventurasDeMMMTests;
			sourceTree = "<group>";
		};
		4F2C19B11B272FBC00F95BB7 /* Supporting Files */ = {
			isa = PBXGroup;
			children = (
				4F2C19B21B272FBC00F95BB7 /* Info.plist */,
			);
			name = "Supporting Files";
			sourceTree = "<group>";
		};
/* End PBXGroup section */

/* Begin PBXNativeTarget section */
		4F2C198E1B272FBC00F95BB7 /* AsAventurasDeMMM */ = {
			isa = PBXNativeTarget;
			buildConfigurationList = 4F2C19B71B272FBC00F95BB7 /* Build configuration list for PBXNativeTarget "AsAventurasDeMMM" */;
			buildPhases = (
				4F2C198B1B272FBC00F95BB7 /* Sources */,
				4F2C198C1B272FBC00F95BB7 /* Frameworks */,
				4F2C198D1B272FBC00F95BB7 /* Resources */,
			);
			buildRules = (
			);
			dependencies = (
			);
			name = AsAventurasDeMMM;
			productName = AsAventurasDeMMM;
			productReference = 4F2C198F1B272FBC00F95BB7 /* AsAventurasDeMMM.app */;
			productType = "com.apple.product-type.application";
		};
		4F2C19AC1B272FBC00F95BB7 /* AsAventurasDeMMMTests */ = {
			isa = PBXNativeTarget;
			buildConfigurationList = 4F2C19BA1B272FBC00F95BB7 /* Build configuration list for PBXNativeTarget "AsAventurasDeMMMTests" */;
			buildPhases = (
				4F2C19A91B272FBC00F95BB7 /* Sources */,
				4F2C19AA1B272FBC00F95BB7 /* Frameworks */,
				4F2C19AB1B272FBC00F95BB7 /* Resources */,
			);
			buildRules = (
			);
			dependencies = (
				4F2C19AF1B272FBC00F95BB7 /* PBXTargetDependency */,
			);
			name = AsAventurasDeMMMTests;
			productName = AsAventurasDeMMMTests;
			productReference = 4F2C19AD1B272FBC00F95BB7 /* AsAventurasDeMMMTests.xctest */;
			productType = "com.apple.product-type.bundle.unit-test";
		};
/* End PBXNativeTarget section */

/* Begin PBXProject section */
		4F2C19871B272FBC00F95BB7 /* Project object */ = {
			isa = PBXProject;
			attributes = {
				LastUpgradeCheck = 0630;
				ORGANIZATIONNAME = "Archbold S.A.";
				TargetAttributes = {
					4F2C198E1B272FBC00F95BB7 = {
						CreatedOnToolsVersion = 6.3.2;
					};
					4F2C19AC1B272FBC00F95BB7 = {
						CreatedOnToolsVersion = 6.3.2;
						TestTargetID = 4F2C198E1B272FBC00F95BB7;
					};
				};
			};
			buildConfigurationList = 4F2C198A1B272FBC00F95BB7 /* Build configuration list for PBXProject "AsAventurasDeMMM" */;
			compatibilityVersion = "Xcode 3.2";
			developmentRegion = English;
			hasScannedForEncodings = 0;
			knownRegions = (
				en,
				Base,
			);
			mainGroup = 4F2C19861B272FBC00F95BB7;
			productRefGroup = 4F2C19901B272FBC00F95BB7 /* Products */;
			projectDirPath = "";
			projectRoot = "";
			targets = (
				4F2C198E1B272FBC00F95BB7 /* AsAventurasDeMMM */,
				4F2C19AC1B272FBC00F95BB7 /* AsAventurasDeMMMTests */,
			);
		};
/* End PBXProject section */

/* Begin PBXResourcesBuildPhase section */
		4F2C198D1B272FBC00F95BB7 /* Resources */ = {
			isa = PBXResourcesBuildPhase;
			buildActionMask = 2147483647;
			files = (
				4F2C19A81B272FBC00F95BB7 /* LaunchScreen.xib in Resources */,
				4F2C19A51B272FBC00F95BB7 /* Images.xcassets in Resources */,
				4F2C199D1B272FBC00F95BB7 /* GameScene.sks in Resources */,
				4F2C19A31B272FBC00F95BB7 /* Main.storyboard in Resources */,
			);
			runOnlyForDeploymentPostprocessing = 0;
		};
		4F2C19AB1B272FBC00F95BB7 /* Resources */ = {
			isa = PBXResourcesBuildPhase;
			buildActionMask = 2147483647;
			files = (
			);
			runOnlyForDeploymentPostprocessing = 0;
		};
/* End PBXResourcesBuildPhase section */

/* Begin PBXSourcesBuildPhase section */
		4F2C198B1B272FBC00F95BB7 /* Sources */ = {
			isa = PBXSourcesBuildPhase;
			buildActionMask = 2147483647;
			files = (
				187366F11B27379E006B539B /* Monster.swift in Sources */,
				187366F21B27379E006B539B /* MonsterFactory.swift in Sources */,
				4F2C19A01B272FBC00F95BB7 /* GameViewController.m in Sources */,
				4F2C19981B272FBC00F95BB7 /* AppDelegate.m in Sources */,
				187366F31B27379E006B539B /* TimePeriodsEnum.swift in Sources */,
				4F2C199B1B272FBC00F95BB7 /* GameScene.m in Sources */,
				4F2C19951B272FBC00F95BB7 /* main.m in Sources */,
			);
			runOnlyForDeploymentPostprocessing = 0;
		};
		4F2C19A91B272FBC00F95BB7 /* Sources */ = {
			isa = PBXSourcesBuildPhase;
			buildActionMask = 2147483647;
			files = (
				4F2C19B41B272FBC00F95BB7 /* AsAventurasDeMMMTests.m in Sources */,
			);
			runOnlyForDeploymentPostprocessing = 0;
		};
/* End PBXSourcesBuildPhase section */

/* Begin PBXTargetDependency section */
		4F2C19AF1B272FBC00F95BB7 /* PBXTargetDependency */ = {
			isa = PBXTargetDependency;
			target = 4F2C198E1B272FBC00F95BB7 /* AsAventurasDeMMM */;
			targetProxy = 4F2C19AE1B272FBC00F95BB7 /* PBXContainerItemProxy */;
		};
/* End PBXTargetDependency section */

/* Begin PBXVariantGroup section */
		4F2C19A11B272FBC00F95BB7 /* Main.storyboard */ = {
			isa = PBXVariantGroup;
			children = (
				4F2C19A21B272FBC00F95BB7 /* Base */,
			);
			name = Main.storyboard;
			sourceTree = "<group>";
		};
		4F2C19A61B272FBC00F95BB7 /* LaunchScreen.xib */ = {
			isa = PBXVariantGroup;
			children = (
				4F2C19A71B272FBC00F95BB7 /* Base */,
			);
			name = LaunchScreen.xib;
			sourceTree = "<group>";
		};
/* End PBXVariantGroup section */

/* Begin XCBuildConfiguration section */
		4F2C19B51B272FBC00F95BB7 /* Debug */ = {
			isa = XCBuildConfiguration;
			buildSettings = {
				ALWAYS_SEARCH_USER_PATHS = NO;
				CLANG_CXX_LANGUAGE_STANDARD = "gnu++0x";
				CLANG_CXX_LIBRARY = "libc++";
				CLANG_ENABLE_MODULES = YES;
				CLANG_ENABLE_OBJC_ARC = YES;
				CLANG_WARN_BOOL_CONVERSION = YES;
				CLANG_WARN_CONSTANT_CONVERSION = YES;
				CLANG_WARN_DIRECT_OBJC_ISA_USAGE = YES_ERROR;
				CLANG_WARN_EMPTY_BODY = YES;
				CLANG_WARN_ENUM_CONVERSION = YES;
				CLANG_WARN_INT_CONVERSION = YES;
				CLANG_WARN_OBJC_ROOT_CLASS = YES_ERROR;
				CLANG_WARN_UNREACHABLE_CODE = YES;
				CLANG_WARN__DUPLICATE_METHOD_MATCH = YES;
				"CODE_SIGN_IDENTITY[sdk=iphoneos*]" = "iPhone Developer";
				COPY_PHASE_STRIP = NO;
				DEBUG_INFORMATION_FORMAT = "dwarf-with-dsym";
				ENABLE_STRICT_OBJC_MSGSEND = YES;
				GCC_C_LANGUAGE_STANDARD = gnu99;
				GCC_DYNAMIC_NO_PIC = NO;
				GCC_NO_COMMON_BLOCKS = YES;
				GCC_OPTIMIZATION_LEVEL = 0;
				GCC_PREPROCESSOR_DEFINITIONS = (
					"DEBUG=1",
					"$(inherited)",
				);
				GCC_SYMBOLS_PRIVATE_EXTERN = NO;
				GCC_WARN_64_TO_32_BIT_CONVERSION = YES;
				GCC_WARN_ABOUT_RETURN_TYPE = YES_ERROR;
				GCC_WARN_UNDECLARED_SELECTOR = YES;
				GCC_WARN_UNINITIALIZED_AUTOS = YES_AGGRESSIVE;
				GCC_WARN_UNUSED_FUNCTION = YES;
				GCC_WARN_UNUSED_VARIABLE = YES;
				IPHONEOS_DEPLOYMENT_TARGET = 8.3;
				MTL_ENABLE_DEBUG_INFO = YES;
				ONLY_ACTIVE_ARCH = YES;
				SDKROOT = iphoneos;
				TARGETED_DEVICE_FAMILY = "1,2";
			};
			name = Debug;
		};
		4F2C19B61B272FBC00F95BB7 /* Release */ = {
			isa = XCBuildConfiguration;
			buildSettings = {
				ALWAYS_SEARCH_USER_PATHS = NO;
				CLANG_CXX_LANGUAGE_STANDARD = "gnu++0x";
				CLANG_CXX_LIBRARY = "libc++";
				CLANG_ENABLE_MODULES = YES;
				CLANG_ENABLE_OBJC_ARC = YES;
				CLANG_WARN_BOOL_CONVERSION = YES;
				CLANG_WARN_CONSTANT_CONVERSION = YES;
				CLANG_WARN_DIRECT_OBJC_ISA_USAGE = YES_ERROR;
				CLANG_WARN_EMPTY_BODY = YES;
				CLANG_WARN_ENUM_CONVERSION = YES;
				CLANG_WARN_INT_CONVERSION = YES;
				CLANG_WARN_OBJC_ROOT_CLASS = YES_ERROR;
				CLANG_WARN_UNREACHABLE_CODE = YES;
				CLANG_WARN__DUPLICATE_METHOD_MATCH = YES;
				"CODE_SIGN_IDENTITY[sdk=iphoneos*]" = "iPhone Developer";
				COPY_PHASE_STRIP = NO;
				DEBUG_INFORMATION_FORMAT = "dwarf-with-dsym";
				ENABLE_NS_ASSERTIONS = NO;
				ENABLE_STRICT_OBJC_MSGSEND = YES;
				GCC_C_LANGUAGE_STANDARD = gnu99;
				GCC_NO_COMMON_BLOCKS = YES;
				GCC_WARN_64_TO_32_BIT_CONVERSION = YES;
				GCC_WARN_ABOUT_RETURN_TYPE = YES_ERROR;
				GCC_WARN_UNDECLARED_SELECTOR = YES;
				GCC_WARN_UNINITIALIZED_AUTOS = YES_AGGRESSIVE;
				GCC_WARN_UNUSED_FUNCTION = YES;
				GCC_WARN_UNUSED_VARIABLE = YES;
				IPHONEOS_DEPLOYMENT_TARGET = 8.3;
				MTL_ENABLE_DEBUG_INFO = NO;
				SDKROOT = iphoneos;
				TARGETED_DEVICE_FAMILY = "1,2";
				VALIDATE_PRODUCT = YES;
			};
			name = Release;
		};
		4F2C19B81B272FBC00F95BB7 /* Debug */ = {
			isa = XCBuildConfiguration;
			buildSettings = {
				ASSETCATALOG_COMPILER_APPICON_NAME = AppIcon;
				INFOPLIST_FILE = AsAventurasDeMMM/Info.plist;
				LD_RUNPATH_SEARCH_PATHS = "$(inherited) @executable_path/Frameworks";
				PRODUCT_NAME = "$(TARGET_NAME)";
			};
			name = Debug;
		};
		4F2C19B91B272FBC00F95BB7 /* Release */ = {
			isa = XCBuildConfiguration;
			buildSettings = {
				ASSETCATALOG_COMPILER_APPICON_NAME = AppIcon;
				INFOPLIST_FILE = AsAventurasDeMMM/Info.plist;
				LD_RUNPATH_SEARCH_PATHS = "$(inherited) @executable_path/Frameworks";
				PRODUCT_NAME = "$(TARGET_NAME)";
			};
			name = Release;
		};
		4F2C19BB1B272FBC00F95BB7 /* Debug */ = {
			isa = XCBuildConfiguration;
			buildSettings = {
				BUNDLE_LOADER = "$(TEST_HOST)";
				FRAMEWORK_SEARCH_PATHS = (
					"$(SDKROOT)/Developer/Library/Frameworks",
					"$(inherited)",
				);
				GCC_PREPROCESSOR_DEFINITIONS = (
					"DEBUG=1",
					"$(inherited)",
				);
				INFOPLIST_FILE = AsAventurasDeMMMTests/Info.plist;
				LD_RUNPATH_SEARCH_PATHS = "$(inherited) @executable_path/Frameworks @loader_path/Frameworks";
				PRODUCT_NAME = "$(TARGET_NAME)";
				TEST_HOST = "$(BUILT_PRODUCTS_DIR)/AsAventurasDeMMM.app/AsAventurasDeMMM";
			};
			name = Debug;
		};
		4F2C19BC1B272FBC00F95BB7 /* Release */ = {
			isa = XCBuildConfiguration;
			buildSettings = {
				BUNDLE_LOADER = "$(TEST_HOST)";
				FRAMEWORK_SEARCH_PATHS = (
					"$(SDKROOT)/Developer/Library/Frameworks",
					"$(inherited)",
				);
				INFOPLIST_FILE = AsAventurasDeMMMTests/Info.plist;
				LD_RUNPATH_SEARCH_PATHS = "$(inherited) @executable_path/Frameworks @loader_path/Frameworks";
				PRODUCT_NAME = "$(TARGET_NAME)";
				TEST_HOST = "$(BUILT_PRODUCTS_DIR)/AsAventurasDeMMM.app/AsAventurasDeMMM";
			};
			name = Release;
		};
/* End XCBuildConfiguration section */

/* Begin XCConfigurationList section */
		4F2C198A1B272FBC00F95BB7 /* Build configuration list for PBXProject "AsAventurasDeMMM" */ = {
			isa = XCConfigurationList;
			buildConfigurations = (
				4F2C19B51B272FBC00F95BB7 /* Debug */,
				4F2C19B61B272FBC00F95BB7 /* Release */,
			);
			defaultConfigurationIsVisible = 0;
			defaultConfigurationName = Release;
		};
		4F2C19B71B272FBC00F95BB7 /* Build configuration list for PBXNativeTarget "AsAventurasDeMMM" */ = {
			isa = XCConfigurationList;
			buildConfigurations = (
				4F2C19B81B272FBC00F95BB7 /* Debug */,
				4F2C19B91B272FBC00F95BB7 /* Release */,
			);
			defaultConfigurationIsVisible = 0;
			defaultConfigurationName = Release;
		};
		4F2C19BA1B272FBC00F95BB7 /* Build configuration list for PBXNativeTarget "AsAventurasDeMMMTests" */ = {
			isa = XCConfigurationList;
			buildConfigurations = (
				4F2C19BB1B272FBC00F95BB7 /* Debug */,
				4F2C19BC1B272FBC00F95BB7 /* Release */,
			);
			defaultConfigurationIsVisible = 0;
			defaultConfigurationName = Release;
		};
/* End XCConfigurationList section */
	};
	rootObject = 4F2C19871B272FBC00F95BB7 /* Project object */;
}
